
Microsoft Visual Studio Solution File, Format Version 12.00
# Visual Studio Version 17
VisualStudioVersion = 17.9.34728.123
MinimumVisualStudioVersion = 10.0.40219.1
Project("{FAE04EC0-301F-11D3-BF4B-00C04F79EFBC}") = "Fow1", "Fow1\Fow1.csproj", "{3A01C827-EF00-452B-9853-8E72216B1980}"
EndProject
Global
	GlobalSection(SolutionConfigurationPlatforms) = preSolution
		Debug|Any CPU = Debug|Any CPU
		Release|Any CPU = Release|Any CPU
	EndGlobalSection
	GlobalSection(ProjectConfigurationPlatforms) = postSolution
		{3A01C827-EF00-452B-9853-8E72216B1980}.Debug|Any CPU.ActiveCfg = Debug|Any CPU
		{3A01C827-EF00-452B-9853-8E72216B1980}.Debug|Any CPU.Build.0 = Debug|Any CPU
		{3A01C827-EF00-452B-9853-8E72216B1980}.Release|Any CPU.ActiveCfg = Release|Any CPU
		{3A01C827-EF00-452B-9853-8E72216B1980}.Release|Any CPU.Build.0 = Release|Any CPU
	EndGlobalSection
	GlobalSection(SolutionProperties) = preSolution
		HideSolutionNode = FALSE
	EndGlobalSection
	GlobalSection(ExtensibilityGlobals) = postSolution
		SolutionGuid = {1C2EDD97-1FAF-4015-96DF-A0CC493AB834}
	EndGlobalSection
EndGlobal
