
Microsoft Visual Studio Solution File, Format Version 12.00
# Visual Studio Version 17
VisualStudioVersion = 17.9.34728.123
MinimumVisualStudioVersion = 10.0.40219.1
Project("{FAE04EC0-301F-11D3-BF4B-00C04F79EFBC}") = "FoW2", "FoW2\FoW2.csproj", "{4888BDFF-0C9D-48F7-AD88-B81B1C56FCEB}"
EndProject
Global
	GlobalSection(SolutionConfigurationPlatforms) = preSolution
		Debug|Any CPU = Debug|Any CPU
		Release|Any CPU = Release|Any CPU
	EndGlobalSection
	GlobalSection(ProjectConfigurationPlatforms) = postSolution
		{4888BDFF-0C9D-48F7-AD88-B81B1C56FCEB}.Debug|Any CPU.ActiveCfg = Debug|Any CPU
		{4888BDFF-0C9D-48F7-AD88-B81B1C56FCEB}.Debug|Any CPU.Build.0 = Debug|Any CPU
		{4888BDFF-0C9D-48F7-AD88-B81B1C56FCEB}.Release|Any CPU.ActiveCfg = Release|Any CPU
		{4888BDFF-0C9D-48F7-AD88-B81B1C56FCEB}.Release|Any CPU.Build.0 = Release|Any CPU
	EndGlobalSection
	GlobalSection(SolutionProperties) = preSolution
		HideSolutionNode = FALSE
	EndGlobalSection
	GlobalSection(ExtensibilityGlobals) = postSolution
		SolutionGuid = {BB7FC4D3-2184-4428-A8F0-22C41E458B5E}
	EndGlobalSection
EndGlobal
